
Microsoft Visual Studio Solution File, Format Version 12.00
# Visual Studio 15
VisualStudioVersion = 15.0.28010.2036
MinimumVisualStudioVersion = 10.0.40219.1
Project("{FAE04EC0-301F-11D3-BF4B-00C04F79EFBC}") = "salario", "salario\salario.csproj", "{B35FAB7E-55E8-4A4D-92C0-8F29B214959A}"
EndProject
Global
	GlobalSection(SolutionConfigurationPlatforms) = preSolution
		Debug|Any CPU = Debug|Any CPU
		Release|Any CPU = Release|Any CPU
	EndGlobalSection
	GlobalSection(ProjectConfigurationPlatforms) = postSolution
		{B35FAB7E-55E8-4A4D-92C0-8F29B214959A}.Debug|Any CPU.ActiveCfg = Debug|Any CPU
		{B35FAB7E-55E8-4A4D-92C0-8F29B214959A}.Debug|Any CPU.Build.0 = Debug|Any CPU
		{B35FAB7E-55E8-4A4D-92C0-8F29B214959A}.Release|Any CPU.ActiveCfg = Release|Any CPU
		{B35FAB7E-55E8-4A4D-92C0-8F29B214959A}.Release|Any CPU.Build.0 = Release|Any CPU
	EndGlobalSection
	GlobalSection(SolutionProperties) = preSolution
		HideSolutionNode = FALSE
	EndGlobalSection
	GlobalSection(ExtensibilityGlobals) = postSolution
		SolutionGuid = {F8882AA8-ADF1-4A48-A4FF-CBCE6FEC195F}
	EndGlobalSection
EndGlobal
